
Microsoft Visual Studio Solution File, Format Version 12.00
# Visual Studio 2013
VisualStudioVersion = 12.0.31101.0
MinimumVisualStudioVersion = 10.0.40219.1
Project("{FAE04EC0-301F-11D3-BF4B-00C04F79EFBC}") = "FT.Task", "FT.Task\FT.Task.csproj", "{4A08CF32-547B-404D-B2DF-8735CAF4736D}"
EndProject
Project("{FAE04EC0-301F-11D3-BF4B-00C04F79EFBC}") = "FT.Repository", "FT.Repository\FT.Repository.csproj", "{EAE8FCD9-A845-4A15-A702-11F3FBAC85DC}"
EndProject
Project("{FAE04EC0-301F-11D3-BF4B-00C04F79EFBC}") = "FT.IRepository", "FT.IRepository\FT.IRepository.csproj", "{54EEF4E9-790B-463E-B7CC-F5B92903B729}"
EndProject
Project("{FAE04EC0-301F-11D3-BF4B-00C04F79EFBC}") = "FT.Model", "FT.Model\FT.Model.csproj", "{31E4E000-53D9-4715-ABDA-965457EE75EE}"
EndProject
Project("{FAE04EC0-301F-11D3-BF4B-00C04F79EFBC}") = "FT.UI", "FT.UI\FT.UI.csproj", "{0ED8E3D7-6A68-4641-B317-A32EF432FA3F}"
EndProject
Project("{FAE04EC0-301F-11D3-BF4B-00C04F79EFBC}") = "FT.Entities", "FT.Entities\FT.Entities.csproj", "{8BF650AF-5912-4BB0-8AD8-DB02DA50608D}"
EndProject
Project("{FAE04EC0-301F-11D3-BF4B-00C04F79EFBC}") = "FT.Utility", "FT.Utility\FT.Utility.csproj", "{F7B67599-88CC-4BDE-B5D6-03F6FF60EC0C}"
EndProject
Project("{FAE04EC0-301F-11D3-BF4B-00C04F79EFBC}") = "FT.WinForm", "FT.WinForm\FT.WinForm.csproj", "{E251F487-9FC4-4E29-823C-BD733383AA29}"
EndProject
Project("{FAE04EC0-301F-11D3-BF4B-00C04F79EFBC}") = "FT.WinServices", "FT.WinServices\FT.WinServices.csproj", "{E8EC01C7-A8AF-4707-8055-0096E6412686}"
EndProject
Project("{FAE04EC0-301F-11D3-BF4B-00C04F79EFBC}") = "FT.Update", "FT.Update\FT.Update.csproj", "{48F3B132-A314-4467-951A-133A35203714}"
EndProject
Project("{FAE04EC0-301F-11D3-BF4B-00C04F79EFBC}") = "FT.Tests", "FT.Tests\FT.Tests.csproj", "{9F543C51-6DD0-4026-B60B-13FF88B2B85C}"
EndProject
Project("{2150E333-8FDC-42A3-9474-1A3956D46DE8}") = "FT.Plugins", "FT.Plugins", "{0A394951-6CD3-498D-A24C-7033DFD404C4}"
EndProject
Project("{FAE04EC0-301F-11D3-BF4B-00C04F79EFBC}") = "FT.Plugin.Cache.AspNet", "FT.Plugins\FT.Plugin.Cache.AspNet\FT.Plugin.Cache.AspNet.csproj", "{180A20BD-4C79-494A-811A-375A0A3F0046}"
EndProject
Project("{FAE04EC0-301F-11D3-BF4B-00C04F79EFBC}") = "FT.Plugin.Cache.Redis", "FT.Plugins\FT.Plugin.Cache.Redis\FT.Plugin.Cache.Redis.csproj", "{60B06E29-43FA-4995-85A7-898E220E45DA}"
EndProject
Project("{FAE04EC0-301F-11D3-BF4B-00C04F79EFBC}") = "FT.Plugin.Cache", "FT.Plugins\FT.Plugin.Cache\FT.Plugin.Cache.csproj", "{19669C00-EC17-4853-93C5-E01F8AAEB617}"
EndProject
Project("{FAE04EC0-301F-11D3-BF4B-00C04F79EFBC}") = "FT.Task.ManageServices", "FT.Task.ManageServices\FT.Task.ManageServices.csproj", "{12ED20EB-4D95-43DD-9468-7CAD4E50D9DD}"
EndProject
Global
	GlobalSection(TeamFoundationVersionControl) = preSolution
		SccNumberOfProjects = 16
		SccEnterpriseProvider = {4CA58AB2-18FA-4F8D-95D4-32DDF27D184C}
		SccTeamFoundationServer = http://2013-20160616xp:8080/tfs/ftproject
		SccLocalPath0 = .
		SccProjectUniqueName1 = FT.Task\\FT.Task.csproj
		SccProjectName1 = FT.Task
		SccLocalPath1 = FT.Task
		SccProjectUniqueName2 = FT.Repository\\FT.Repository.csproj
		SccProjectName2 = FT.Repository
		SccLocalPath2 = FT.Repository
		SccProjectUniqueName3 = FT.IRepository\\FT.IRepository.csproj
		SccProjectName3 = FT.IRepository
		SccLocalPath3 = FT.IRepository
		SccProjectUniqueName4 = FT.Model\\FT.Model.csproj
		SccProjectName4 = FT.Model
		SccLocalPath4 = FT.Model
		SccProjectUniqueName5 = FT.UI\\FT.UI.csproj
		SccProjectName5 = FT.UI
		SccLocalPath5 = FT.UI
		SccProjectUniqueName6 = FT.Entities\\FT.Entities.csproj
		SccProjectName6 = FT.Entities
		SccLocalPath6 = FT.Entities
		SccProjectUniqueName7 = FT.Utility\\FT.Utility.csproj
		SccProjectName7 = FT.Utility
		SccLocalPath7 = FT.Utility
		SccProjectUniqueName8 = FT.WinForm\\FT.WinForm.csproj
		SccProjectName8 = FT.WinForm
		SccLocalPath8 = FT.WinForm
		SccProjectUniqueName9 = FT.WinServices\\FT.WinServices.csproj
		SccProjectName9 = FT.WinServices
		SccLocalPath9 = FT.WinServices
		SccProjectUniqueName10 = FT.Update\\FT.Update.csproj
		SccProjectName10 = FT.Update
		SccLocalPath10 = FT.Update
		SccProjectUniqueName11 = FT.Tests\\FT.Tests.csproj
		SccProjectName11 = FT.Tests
		SccLocalPath11 = FT.Tests
		SccProjectUniqueName12 = FT.Plugins\\FT.Plugin.Cache.AspNet\\FT.Plugin.Cache.AspNet.csproj
		SccProjectTopLevelParentUniqueName12 = FT.sln
		SccProjectName12 = FT.Plugins/FT.Plugin.Cache.AspNet
		SccLocalPath12 = FT.Plugins\\FT.Plugin.Cache.AspNet
		SccProjectUniqueName13 = FT.Plugins\\FT.Plugin.Cache.Redis\\FT.Plugin.Cache.Redis.csproj
		SccProjectTopLevelParentUniqueName13 = FT.sln
		SccProjectName13 = FT.Plugins/FT.Plugin.Cache.Redis
		SccLocalPath13 = FT.Plugins\\FT.Plugin.Cache.Redis
		SccProjectUniqueName14 = FT.Plugins\\FT.Plugin.Cache\\FT.Plugin.Cache.csproj
		SccProjectTopLevelParentUniqueName14 = FT.sln
		SccProjectName14 = FT.Plugins/FT.Plugin.Cache
		SccLocalPath14 = FT.Plugins\\FT.Plugin.Cache
		SccProjectUniqueName15 = FT.Task.ManageServices\\FT.Task.ManageServices.csproj
		SccProjectName15 = FT.Task.ManageServices
		SccLocalPath15 = FT.Task.ManageServices
	EndGlobalSection
	GlobalSection(SolutionConfigurationPlatforms) = preSolution
		Debug|Any CPU = Debug|Any CPU
		Release|Any CPU = Release|Any CPU
	EndGlobalSection
	GlobalSection(ProjectConfigurationPlatforms) = postSolution
		{4A08CF32-547B-404D-B2DF-8735CAF4736D}.Debug|Any CPU.ActiveCfg = Debug|Any CPU
		{4A08CF32-547B-404D-B2DF-8735CAF4736D}.Debug|Any CPU.Build.0 = Debug|Any CPU
		{4A08CF32-547B-404D-B2DF-8735CAF4736D}.Release|Any CPU.ActiveCfg = Release|Any CPU
		{4A08CF32-547B-404D-B2DF-8735CAF4736D}.Release|Any CPU.Build.0 = Release|Any CPU
		{EAE8FCD9-A845-4A15-A702-11F3FBAC85DC}.Debug|Any CPU.ActiveCfg = Debug|Any CPU
		{EAE8FCD9-A845-4A15-A702-11F3FBAC85DC}.Debug|Any CPU.Build.0 = Debug|Any CPU
		{EAE8FCD9-A845-4A15-A702-11F3FBAC85DC}.Release|Any CPU.ActiveCfg = Release|Any CPU
		{EAE8FCD9-A845-4A15-A702-11F3FBAC85DC}.Release|Any CPU.Build.0 = Release|Any CPU
		{54EEF4E9-790B-463E-B7CC-F5B92903B729}.Debug|Any CPU.ActiveCfg = Debug|Any CPU
		{54EEF4E9-790B-463E-B7CC-F5B92903B729}.Debug|Any CPU.Build.0 = Debug|Any CPU
		{54EEF4E9-790B-463E-B7CC-F5B92903B729}.Release|Any CPU.ActiveCfg = Release|Any CPU
		{54EEF4E9-790B-463E-B7CC-F5B92903B729}.Release|Any CPU.Build.0 = Release|Any CPU
		{31E4E000-53D9-4715-ABDA-965457EE75EE}.Debug|Any CPU.ActiveCfg = Debug|Any CPU
		{31E4E000-53D9-4715-ABDA-965457EE75EE}.Debug|Any CPU.Build.0 = Debug|Any CPU
		{31E4E000-53D9-4715-ABDA-965457EE75EE}.Release|Any CPU.ActiveCfg = Release|Any CPU
		{31E4E000-53D9-4715-ABDA-965457EE75EE}.Release|Any CPU.Build.0 = Release|Any CPU
		{0ED8E3D7-6A68-4641-B317-A32EF432FA3F}.Debug|Any CPU.ActiveCfg = Debug|Any CPU
		{0ED8E3D7-6A68-4641-B317-A32EF432FA3F}.Debug|Any CPU.Build.0 = Debug|Any CPU
		{0ED8E3D7-6A68-4641-B317-A32EF432FA3F}.Release|Any CPU.ActiveCfg = Release|Any CPU
		{0ED8E3D7-6A68-4641-B317-A32EF432FA3F}.Release|Any CPU.Build.0 = Release|Any CPU
		{8BF650AF-5912-4BB0-8AD8-DB02DA50608D}.Debug|Any CPU.ActiveCfg = Debug|Any CPU
		{8BF650AF-5912-4BB0-8AD8-DB02DA50608D}.Debug|Any CPU.Build.0 = Debug|Any CPU
		{8BF650AF-5912-4BB0-8AD8-DB02DA50608D}.Release|Any CPU.ActiveCfg = Release|Any CPU
		{8BF650AF-5912-4BB0-8AD8-DB02DA50608D}.Release|Any CPU.Build.0 = Release|Any CPU
		{F7B67599-88CC-4BDE-B5D6-03F6FF60EC0C}.Debug|Any CPU.ActiveCfg = Debug|Any CPU
		{F7B67599-88CC-4BDE-B5D6-03F6FF60EC0C}.Debug|Any CPU.Build.0 = Debug|Any CPU
		{F7B67599-88CC-4BDE-B5D6-03F6FF60EC0C}.Release|Any CPU.ActiveCfg = Release|Any CPU
		{F7B67599-88CC-4BDE-B5D6-03F6FF60EC0C}.Release|Any CPU.Build.0 = Release|Any CPU
		{E251F487-9FC4-4E29-823C-BD733383AA29}.Debug|Any CPU.ActiveCfg = Debug|Any CPU
		{E251F487-9FC4-4E29-823C-BD733383AA29}.Debug|Any CPU.Build.0 = Debug|Any CPU
		{E251F487-9FC4-4E29-823C-BD733383AA29}.Release|Any CPU.ActiveCfg = Release|Any CPU
		{E251F487-9FC4-4E29-823C-BD733383AA29}.Release|Any CPU.Build.0 = Release|Any CPU
		{E8EC01C7-A8AF-4707-8055-0096E6412686}.Debug|Any CPU.ActiveCfg = Debug|Any CPU
		{E8EC01C7-A8AF-4707-8055-0096E6412686}.Debug|Any CPU.Build.0 = Debug|Any CPU
		{E8EC01C7-A8AF-4707-8055-0096E6412686}.Release|Any CPU.ActiveCfg = Release|Any CPU
		{E8EC01C7-A8AF-4707-8055-0096E6412686}.Release|Any CPU.Build.0 = Release|Any CPU
		{48F3B132-A314-4467-951A-133A35203714}.Debug|Any CPU.ActiveCfg = Debug|Any CPU
		{48F3B132-A314-4467-951A-133A35203714}.Debug|Any CPU.Build.0 = Debug|Any CPU
		{48F3B132-A314-4467-951A-133A35203714}.Release|Any CPU.ActiveCfg = Release|Any CPU
		{48F3B132-A314-4467-951A-133A35203714}.Release|Any CPU.Build.0 = Release|Any CPU
		{9F543C51-6DD0-4026-B60B-13FF88B2B85C}.Debug|Any CPU.ActiveCfg = Debug|Any CPU
		{9F543C51-6DD0-4026-B60B-13FF88B2B85C}.Debug|Any CPU.Build.0 = Debug|Any CPU
		{9F543C51-6DD0-4026-B60B-13FF88B2B85C}.Release|Any CPU.ActiveCfg = Release|Any CPU
		{9F543C51-6DD0-4026-B60B-13FF88B2B85C}.Release|Any CPU.Build.0 = Release|Any CPU
		{180A20BD-4C79-494A-811A-375A0A3F0046}.Debug|Any CPU.ActiveCfg = Debug|Any CPU
		{180A20BD-4C79-494A-811A-375A0A3F0046}.Debug|Any CPU.Build.0 = Debug|Any CPU
		{180A20BD-4C79-494A-811A-375A0A3F0046}.Release|Any CPU.ActiveCfg = Release|Any CPU
		{180A20BD-4C79-494A-811A-375A0A3F0046}.Release|Any CPU.Build.0 = Release|Any CPU
		{60B06E29-43FA-4995-85A7-898E220E45DA}.Debug|Any CPU.ActiveCfg = Debug|Any CPU
		{60B06E29-43FA-4995-85A7-898E220E45DA}.Debug|Any CPU.Build.0 = Debug|Any CPU
		{60B06E29-43FA-4995-85A7-898E220E45DA}.Release|Any CPU.ActiveCfg = Release|Any CPU
		{60B06E29-43FA-4995-85A7-898E220E45DA}.Release|Any CPU.Build.0 = Release|Any CPU
		{19669C00-EC17-4853-93C5-E01F8AAEB617}.Debug|Any CPU.ActiveCfg = Debug|Any CPU
		{19669C00-EC17-4853-93C5-E01F8AAEB617}.Debug|Any CPU.Build.0 = Debug|Any CPU
		{19669C00-EC17-4853-93C5-E01F8AAEB617}.Release|Any CPU.ActiveCfg = Release|Any CPU
		{19669C00-EC17-4853-93C5-E01F8AAEB617}.Release|Any CPU.Build.0 = Release|Any CPU
		{12ED20EB-4D95-43DD-9468-7CAD4E50D9DD}.Debug|Any CPU.ActiveCfg = Debug|Any CPU
		{12ED20EB-4D95-43DD-9468-7CAD4E50D9DD}.Debug|Any CPU.Build.0 = Debug|Any CPU
		{12ED20EB-4D95-43DD-9468-7CAD4E50D9DD}.Release|Any CPU.ActiveCfg = Release|Any CPU
		{12ED20EB-4D95-43DD-9468-7CAD4E50D9DD}.Release|Any CPU.Build.0 = Release|Any CPU
	EndGlobalSection
	GlobalSection(SolutionProperties) = preSolution
		HideSolutionNode = FALSE
	EndGlobalSection
	GlobalSection(NestedProjects) = preSolution
		{180A20BD-4C79-494A-811A-375A0A3F0046} = {0A394951-6CD3-498D-A24C-7033DFD404C4}
		{60B06E29-43FA-4995-85A7-898E220E45DA} = {0A394951-6CD3-498D-A24C-7033DFD404C4}
		{19669C00-EC17-4853-93C5-E01F8AAEB617} = {0A394951-6CD3-498D-A24C-7033DFD404C4}
	EndGlobalSection
EndGlobal
